
Microsoft Visual Studio Solution File, Format Version 12.00
# Visual Studio 15
VisualStudioVersion = 15.0.26124.0
MinimumVisualStudioVersion = 15.0.26124.0
Project("{9A19103F-16F7-4668-BE54-9A1E7A4F7556}") = "Harmonic", "Harmonic\Harmonic.csproj", "{687B914B-94EB-417A-992B-0B1EFD0623C2}"
EndProject
Project("{9A19103F-16F7-4668-BE54-9A1E7A4F7556}") = "UnitTest", "UnitTest\UnitTest.csproj", "{A79FD57F-233E-4DB9-8A29-79F24ADE5EE8}"
EndProject
Project("{888888A0-9F3D-457C-B088-3A5042F75D52}") = "AmfSampleFileGenerator", "AmfSampleFileGenerator\AmfSampleFileGenerator.pyproj", "{5E790072-2FE5-4393-AEBD-474735CDF122}"
EndProject
Global
	GlobalSection(SolutionConfigurationPlatforms) = preSolution
		Debug|Any CPU = Debug|Any CPU
		Release|Any CPU = Release|Any CPU
	EndGlobalSection
	GlobalSection(ProjectConfigurationPlatforms) = postSolution
		{687B914B-94EB-417A-992B-0B1EFD0623C2}.Debug|Any CPU.ActiveCfg = Debug|Any CPU
		{687B914B-94EB-417A-992B-0B1EFD0623C2}.Debug|Any CPU.Build.0 = Debug|Any CPU
		{687B914B-94EB-417A-992B-0B1EFD0623C2}.Release|Any CPU.ActiveCfg = Release|Any CPU
		{687B914B-94EB-417A-992B-0B1EFD0623C2}.Release|Any CPU.Build.0 = Release|Any CPU
		{A79FD57F-233E-4DB9-8A29-79F24ADE5EE8}.Debug|Any CPU.ActiveCfg = Debug|Any CPU
		{A79FD57F-233E-4DB9-8A29-79F24ADE5EE8}.Debug|Any CPU.Build.0 = Debug|Any CPU
		{A79FD57F-233E-4DB9-8A29-79F24ADE5EE8}.Release|Any CPU.ActiveCfg = Release|Any CPU
		{A79FD57F-233E-4DB9-8A29-79F24ADE5EE8}.Release|Any CPU.Build.0 = Release|Any CPU
		{5E790072-2FE5-4393-AEBD-474735CDF122}.Debug|Any CPU.ActiveCfg = Debug|Any CPU
		{5E790072-2FE5-4393-AEBD-474735CDF122}.Release|Any CPU.ActiveCfg = Release|Any CPU
	EndGlobalSection
	GlobalSection(SolutionProperties) = preSolution
		HideSolutionNode = FALSE
	EndGlobalSection
	GlobalSection(ExtensibilityGlobals) = postSolution
		SolutionGuid = {62AAD21C-2BDF-4259-A92E-C9A9BB35716B}
	EndGlobalSection
EndGlobal
